
Microsoft Visual Studio Solution File, Format Version 12.00
# Visual Studio 15
VisualStudioVersion = 15.0.27130.2024
MinimumVisualStudioVersion = 10.0.40219.1
Project("{FAE04EC0-301F-11D3-BF4B-00C04F79EFBC}") = "ConsoleApp3", "ConsoleApp3\ConsoleApp3.csproj", "{8234DB90-78D9-4685-8F5A-49BE02AB8B51}"
EndProject
Global
	GlobalSection(SolutionConfigurationPlatforms) = preSolution
		Debug|Any CPU = Debug|Any CPU
		Release|Any CPU = Release|Any CPU
	EndGlobalSection
	GlobalSection(ProjectConfigurationPlatforms) = postSolution
		{8234DB90-78D9-4685-8F5A-49BE02AB8B51}.Debug|Any CPU.ActiveCfg = Debug|Any CPU
		{8234DB90-78D9-4685-8F5A-49BE02AB8B51}.Debug|Any CPU.Build.0 = Debug|Any CPU
		{8234DB90-78D9-4685-8F5A-49BE02AB8B51}.Release|Any CPU.ActiveCfg = Release|Any CPU
		{8234DB90-78D9-4685-8F5A-49BE02AB8B51}.Release|Any CPU.Build.0 = Release|Any CPU
	EndGlobalSection
	GlobalSection(SolutionProperties) = preSolution
		HideSolutionNode = FALSE
	EndGlobalSection
	GlobalSection(ExtensibilityGlobals) = postSolution
		SolutionGuid = {A1026556-3C22-40D3-ADA5-79C8D5607680}
	EndGlobalSection
EndGlobal
